
Microsoft Visual Studio Solution File, Format Version 12.00
# Visual Studio 15
VisualStudioVersion = 15.0.28307.168
MinimumVisualStudioVersion = 10.0.40219.1
Project("{FAE04EC0-301F-11D3-BF4B-00C04F79EFBC}") = "AzureBot", "AzureBot\AzureBot.csproj", "{F5798D0C-9190-40D1-AD03-9A38EE975650}"
EndProject
Global
	GlobalSection(SolutionConfigurationPlatforms) = preSolution
		Debug|Any CPU = Debug|Any CPU
		Release|Any CPU = Release|Any CPU
	EndGlobalSection
	GlobalSection(ProjectConfigurationPlatforms) = postSolution
		{F5798D0C-9190-40D1-AD03-9A38EE975650}.Debug|Any CPU.ActiveCfg = Debug|Any CPU
		{F5798D0C-9190-40D1-AD03-9A38EE975650}.Debug|Any CPU.Build.0 = Debug|Any CPU
		{F5798D0C-9190-40D1-AD03-9A38EE975650}.Release|Any CPU.ActiveCfg = Release|Any CPU
		{F5798D0C-9190-40D1-AD03-9A38EE975650}.Release|Any CPU.Build.0 = Release|Any CPU
	EndGlobalSection
	GlobalSection(SolutionProperties) = preSolution
		HideSolutionNode = FALSE
	EndGlobalSection
	GlobalSection(ExtensibilityGlobals) = postSolution
		SolutionGuid = {AD93F397-9142-44E5-94D5-4C5087CC8DE2}
	EndGlobalSection
EndGlobal
